
Microsoft Visual Studio Solution File, Format Version 12.00
# Visual Studio 15
VisualStudioVersion = 15.0.28307.271
MinimumVisualStudioVersion = 10.0.40219.1
Project("{FAE04EC0-301F-11D3-BF4B-00C04F79EFBC}") = "SampleWPFRhinoPlugin", "SampleWPFRhinoPlugin\SampleWPFRhinoPlugin.csproj", "{5DF29ED3-F26F-4762-AC28-E4B5E1BB0FBC}"
EndProject
Project("{FAE04EC0-301F-11D3-BF4B-00C04F79EFBC}") = "SampleWPF", "SampleWPF\SampleWPF.csproj", "{59E44198-40AF-433C-BAEC-815BF4AED312}"
EndProject
Project("{FAE04EC0-301F-11D3-BF4B-00C04F79EFBC}") = "SampleWPFApplication", "SampleWPFApplication\SampleWPFApplication.csproj", "{AF0AE771-210A-4BF5-B2A7-A9ACEA9809FD}"
EndProject
Global
	GlobalSection(SolutionConfigurationPlatforms) = preSolution
		Debug|Any CPU = Debug|Any CPU
		Release|Any CPU = Release|Any CPU
	EndGlobalSection
	GlobalSection(ProjectConfigurationPlatforms) = postSolution
		{5DF29ED3-F26F-4762-AC28-E4B5E1BB0FBC}.Debug|Any CPU.ActiveCfg = Debug|Any CPU
		{5DF29ED3-F26F-4762-AC28-E4B5E1BB0FBC}.Debug|Any CPU.Build.0 = Debug|Any CPU
		{5DF29ED3-F26F-4762-AC28-E4B5E1BB0FBC}.Release|Any CPU.ActiveCfg = Release|Any CPU
		{5DF29ED3-F26F-4762-AC28-E4B5E1BB0FBC}.Release|Any CPU.Build.0 = Release|Any CPU
		{59E44198-40AF-433C-BAEC-815BF4AED312}.Debug|Any CPU.ActiveCfg = Debug|Any CPU
		{59E44198-40AF-433C-BAEC-815BF4AED312}.Debug|Any CPU.Build.0 = Debug|Any CPU
		{59E44198-40AF-433C-BAEC-815BF4AED312}.Release|Any CPU.ActiveCfg = Release|Any CPU
		{59E44198-40AF-433C-BAEC-815BF4AED312}.Release|Any CPU.Build.0 = Release|Any CPU
		{AF0AE771-210A-4BF5-B2A7-A9ACEA9809FD}.Debug|Any CPU.ActiveCfg = Debug|Any CPU
		{AF0AE771-210A-4BF5-B2A7-A9ACEA9809FD}.Debug|Any CPU.Build.0 = Debug|Any CPU
		{AF0AE771-210A-4BF5-B2A7-A9ACEA9809FD}.Release|Any CPU.ActiveCfg = Release|Any CPU
		{AF0AE771-210A-4BF5-B2A7-A9ACEA9809FD}.Release|Any CPU.Build.0 = Release|Any CPU
	EndGlobalSection
	GlobalSection(SolutionProperties) = preSolution
		HideSolutionNode = FALSE
	EndGlobalSection
	GlobalSection(ExtensibilityGlobals) = postSolution
		SolutionGuid = {9D669B1A-3D73-4590-BCF9-35385D55A9BC}
	EndGlobalSection
EndGlobal
